{
  "originHash" : "56b347b3c90e8b00869d19d24dc9aed4e177c4e151cd3c7163a93181c3f08d2a",
  "pins" : [
    {
      "identity" : "gram",
      "kind" : "remoteSourceControl",
      "location" : "https://github.com/rarestype/gram",
      "state" : {
        "revision" : "d9276e23523174cd04213e945f146dd9a553a571",
        "version" : "2.0.0"
      }
    },
    {
      "identity" : "swift-json",
      "kind" : "remoteSourceControl",
      "location" : "https://github.com/rarestype/swift-json",
      "state" : {
        "revision" : "d143531c410ca330d0f4162390ccc2666d6c80aa",
        "version" : "3.3.1"
      }
    },
    {
      "identity" : "swift-syntax",
      "kind" : "remoteSourceControl",
      "location" : "https://github.com/swiftlang/swift-syntax",
      "state" : {
        "revision" : "4799286537280063c85a32f09884cfbca301b1a1",
        "version" : "602.0.0"
      }
    }
  ],
  "version" : 3
}
