{
  "originHash" : "1f28bcf102c613f34453758015f57ead4fd90fb6b9667f1ca5263741a1b3059b",
  "pins" : [
    {
      "identity" : "swift-collections",
      "kind" : "remoteSourceControl",
      "location" : "https://github.com/apple/swift-collections",
      "state" : {
        "revision" : "6675bc0ff86e61436e615df6fc5174e043e57924",
        "version" : "1.4.1"
      }
    },
    {
      "identity" : "swift-foundation",
      "kind" : "remoteSourceControl",
      "location" : "https://github.com/apple/swift-foundation.git",
      "state" : {
        "branch" : "experimental/new-codable",
        "revision" : "22163e387f2364383a610112875f8c7dbdbea99c"
      }
    },
    {
      "identity" : "swift-foundation-icu",
      "kind" : "remoteSourceControl",
      "location" : "https://github.com/apple/swift-foundation-icu",
      "state" : {
        "branch" : "main",
        "revision" : "f248868da88cc3241e50a49dc3761c80b60d4df3"
      }
    },
    {
      "identity" : "swift-syntax",
      "kind" : "remoteSourceControl",
      "location" : "https://github.com/swiftlang/swift-syntax",
      "state" : {
        "branch" : "main",
        "revision" : "aacb56bc763b70e27d4f66d901365b45531f76bd"
      }
    }
  ],
  "version" : 3
}
